
Microsoft Visual Studio Solution File, Format Version 12.00
# Visual Studio Version 16
VisualStudioVersion = 16.0.30406.217
MinimumVisualStudioVersion = 10.0.40219.1
Project("{FAE04EC0-301F-11D3-BF4B-00C04F79EFBC}") = "9_28_常用控件", "9_28_常用控件\9_28_常用控件.csproj", "{EB7C865A-A6C4-4642-AE28-4CFFB3ECF220}"
EndProject
Global
	GlobalSection(SolutionConfigurationPlatforms) = preSolution
		Debug|Any CPU = Debug|Any CPU
		Release|Any CPU = Release|Any CPU
	EndGlobalSection
	GlobalSection(ProjectConfigurationPlatforms) = postSolution
		{EB7C865A-A6C4-4642-AE28-4CFFB3ECF220}.Debug|Any CPU.ActiveCfg = Debug|Any CPU
		{EB7C865A-A6C4-4642-AE28-4CFFB3ECF220}.Debug|Any CPU.Build.0 = Debug|Any CPU
		{EB7C865A-A6C4-4642-AE28-4CFFB3ECF220}.Release|Any CPU.ActiveCfg = Release|Any CPU
		{EB7C865A-A6C4-4642-AE28-4CFFB3ECF220}.Release|Any CPU.Build.0 = Release|Any CPU
	EndGlobalSection
	GlobalSection(SolutionProperties) = preSolution
		HideSolutionNode = FALSE
	EndGlobalSection
	GlobalSection(ExtensibilityGlobals) = postSolution
		SolutionGuid = {1DF2CD76-18DE-4934-A6E8-D4AC454B2DB2}
	EndGlobalSection
EndGlobal
